
Microsoft Visual Studio Solution File, Format Version 12.00
# Visual Studio Version 17
VisualStudioVersion = 17.7.34024.191
MinimumVisualStudioVersion = 10.0.40219.1
Project("{FAE04EC0-301F-11D3-BF4B-00C04F79EFBC}") = "GroupSpace23", "GroupSpace23.csproj", "{0F12B77D-8E1D-46FC-9008-59C596E18C56}"
EndProject
Global
	GlobalSection(SolutionConfigurationPlatforms) = preSolution
		Debug|Any CPU = Debug|Any CPU
		Release|Any CPU = Release|Any CPU
	EndGlobalSection
	GlobalSection(ProjectConfigurationPlatforms) = postSolution
		{0F12B77D-8E1D-46FC-9008-59C596E18C56}.Debug|Any CPU.ActiveCfg = Debug|Any CPU
		{0F12B77D-8E1D-46FC-9008-59C596E18C56}.Debug|Any CPU.Build.0 = Debug|Any CPU
		{0F12B77D-8E1D-46FC-9008-59C596E18C56}.Release|Any CPU.ActiveCfg = Release|Any CPU
		{0F12B77D-8E1D-46FC-9008-59C596E18C56}.Release|Any CPU.Build.0 = Release|Any CPU
	EndGlobalSection
	GlobalSection(SolutionProperties) = preSolution
		HideSolutionNode = FALSE
	EndGlobalSection
	GlobalSection(ExtensibilityGlobals) = postSolution
		SolutionGuid = {47041D99-2845-449B-96BC-4B75B931A5EE}
	EndGlobalSection
EndGlobal
